// !$*UTF8*$!
{
	archiveVersion = 1;
	classes = {
	};
	objectVersion = 56;
	objects = {

/* Begin PBXBuildFile section */
		AE8A37672AFC355C009017D5 /* DessertRecipeApp.swift in Sources */ = {isa = PBXBuildFile; fileRef = AE8A37662AFC355C009017D5 /* DessertRecipeApp.swift */; };
		AE8A37692AFC355C009017D5 /* ContentView.swift in Sources */ = {isa = PBXBuildFile; fileRef = AE8A37682AFC355C009017D5 /* ContentView.swift */; };
		AE8A376B2AFC355F009017D5 /* Assets.xcassets in Resources */ = {isa = PBXBuildFile; fileRef = AE8A376A2AFC355F009017D5 /* Assets.xcassets */; };
		AE8A376E2AFC355F009017D5 /* Preview Assets.xcassets in Resources */ = {isa = PBXBuildFile; fileRef = AE8A376D2AFC355F009017D5 /* Preview Assets.xcassets */; };
		AE8A37782AFC355F009017D5 /* DessertRecipeTests.swift in Sources */ = {isa = PBXBuildFile; fileRef = AE8A37772AFC355F009017D5 /* DessertRecipeTests.swift */; };
		AE8A37822AFC355F009017D5 /* DessertRecipeUITests.swift in Sources */ = {isa = PBXBuildFile; fileRef = AE8A37812AFC355F009017D5 /* DessertRecipeUITests.swift */; };
		AE8A37842AFC355F009017D5 /* DessertRecipeUITestsLaunchTests.swift in Sources */ = {isa = PBXBuildFile; fileRef = AE8A37832AFC355F009017D5 /* DessertRecipeUITestsLaunchTests.swift */; };
		AE8A37932AFC49F9009017D5 /* NetworkManager.swift in Sources */ = {isa = PBXBuildFile; fileRef = AE8A37922AFC49F9009017D5 /* NetworkManager.swift */; };
		AE8A37962AFC4BBF009017D5 /* Meals.swift in Sources */ = {isa = PBXBuildFile; fileRef = AE8A37952AFC4BBF009017D5 /* Meals.swift */; };
		AE8A37A02AFC5A11009017D5 /* MealDetails.swift in Sources */ = {isa = PBXBuildFile; fileRef = AE8A379F2AFC5A11009017D5 /* MealDetails.swift */; };
		AE8A37A22AFC5BF3009017D5 /* HomeViewModel.swift in Sources */ = {isa = PBXBuildFile; fileRef = AE8A37A12AFC5BF3009017D5 /* HomeViewModel.swift */; };
		AE8A37A42AFC5FA6009017D5 /* HomeView.swift in Sources */ = {isa = PBXBuildFile; fileRef = AE8A37A32AFC5FA6009017D5 /* HomeView.swift */; };
		AEE946D12AFD8D6600623532 /* RecipeService.swift in Sources */ = {isa = PBXBuildFile; fileRef = AEE946D02AFD8D6600623532 /* RecipeService.swift */; };
		AEE946D32AFD9CD900623532 /* HomeViewModelTests.swift in Sources */ = {isa = PBXBuildFile; fileRef = AEE946D22AFD9CD900623532 /* HomeViewModelTests.swift */; };
		AEE946D42AFD9D5B00623532 /* HomeViewModel.swift in Sources */ = {isa = PBXBuildFile; fileRef = AE8A37A12AFC5BF3009017D5 /* HomeViewModel.swift */; };
		AEE946D62AFD9D6600623532 /* RecipeService.swift in Sources */ = {isa = PBXBuildFile; fileRef = AEE946D02AFD8D6600623532 /* RecipeService.swift */; };
		AEE946D72AFD9E6800623532 /* Meals.swift in Sources */ = {isa = PBXBuildFile; fileRef = AE8A37952AFC4BBF009017D5 /* Meals.swift */; };
		AEE946D82AFD9EC000623532 /* NetworkManager.swift in Sources */ = {isa = PBXBuildFile; fileRef = AE8A37922AFC49F9009017D5 /* NetworkManager.swift */; };
		AEE946DB2AFDAE2500623532 /* DetailView.swift in Sources */ = {isa = PBXBuildFile; fileRef = AEE946DA2AFDAE2500623532 /* DetailView.swift */; };
		AEE946DE2AFDB3BA00623532 /* DetailViewModel.swift in Sources */ = {isa = PBXBuildFile; fileRef = AEE946DD2AFDB3BA00623532 /* DetailViewModel.swift */; };
		AEE946E02AFDB42600623532 /* DetailViewModelTests.swift in Sources */ = {isa = PBXBuildFile; fileRef = AEE946DF2AFDB42600623532 /* DetailViewModelTests.swift */; };
		AEE946E22AFDB48200623532 /* MockRecipeService.swift in Sources */ = {isa = PBXBuildFile; fileRef = AEE946E12AFDB48200623532 /* MockRecipeService.swift */; };
/* End PBXBuildFile section */

/* Begin PBXContainerItemProxy section */
		AE8A37742AFC355F009017D5 /* PBXContainerItemProxy */ = {
			isa = PBXContainerItemProxy;
			containerPortal = AE8A375B2AFC355B009017D5 /* Project object */;
			proxyType = 1;
			remoteGlobalIDString = AE8A37622AFC355B009017D5;
			remoteInfo = DessertRecipe;
		};
		AE8A377E2AFC355F009017D5 /* PBXContainerItemProxy */ = {
			isa = PBXContainerItemProxy;
			containerPortal = AE8A375B2AFC355B009017D5 /* Project object */;
			proxyType = 1;
			remoteGlobalIDString = AE8A37622AFC355B009017D5;
			remoteInfo = DessertRecipe;
		};
/* End PBXContainerItemProxy section */

/* Begin PBXFileReference section */
		AE8A37632AFC355B009017D5 /* DessertRecipe.app */ = {isa = PBXFileReference; explicitFileType = wrapper.application; includeInIndex = 0; path = DessertRecipe.app; sourceTree = BUILT_PRODUCTS_DIR; };
		AE8A37662AFC355C009017D5 /* DessertRecipeApp.swift */ = {isa = PBXFileReference; lastKnownFileType = sourcecode.swift; path = DessertRecipeApp.swift; sourceTree = "<group>"; };
		AE8A37682AFC355C009017D5 /* ContentView.swift */ = {isa = PBXFileReference; lastKnownFileType = sourcecode.swift; path = ContentView.swift; sourceTree = "<group>"; };
		AE8A376A2AFC355F009017D5 /* Assets.xcassets */ = {isa = PBXFileReference; lastKnownFileType = folder.assetcatalog; path = Assets.xcassets; sourceTree = "<group>"; };
		AE8A376D2AFC355F009017D5 /* Preview Assets.xcassets */ = {isa = PBXFileReference; lastKnownFileType = folder.assetcatalog; path = "Preview Assets.xcassets"; sourceTree = "<group>"; };
		AE8A37732AFC355F009017D5 /* DessertRecipeTests.xctest */ = {isa = PBXFileReference; explicitFileType = wrapper.cfbundle; includeInIndex = 0; path = DessertRecipeTests.xctest; sourceTree = BUILT_PRODUCTS_DIR; };
		AE8A37772AFC355F009017D5 /* DessertRecipeTests.swift */ = {isa = PBXFileReference; lastKnownFileType = sourcecode.swift; path = DessertRecipeTests.swift; sourceTree = "<group>"; };
		AE8A377D2AFC355F009017D5 /* DessertRecipeUITests.xctest */ = {isa = PBXFileReference; explicitFileType = wrapper.cfbundle; includeInIndex = 0; path = DessertRecipeUITests.xctest; sourceTree = BUILT_PRODUCTS_DIR; };
		AE8A37812AFC355F009017D5 /* DessertRecipeUITests.swift */ = {isa = PBXFileReference; lastKnownFileType = sourcecode.swift; path = DessertRecipeUITests.swift; sourceTree = "<group>"; };
		AE8A37832AFC355F009017D5 /* DessertRecipeUITestsLaunchTests.swift */ = {isa = PBXFileReference; lastKnownFileType = sourcecode.swift; path = DessertRecipeUITestsLaunchTests.swift; sourceTree = "<group>"; };
		AE8A37922AFC49F9009017D5 /* NetworkManager.swift */ = {isa = PBXFileReference; lastKnownFileType = sourcecode.swift; path = NetworkManager.swift; sourceTree = "<group>"; };
		AE8A37952AFC4BBF009017D5 /* Meals.swift */ = {isa = PBXFileReference; lastKnownFileType = sourcecode.swift; path = Meals.swift; sourceTree = "<group>"; };
		AE8A379F2AFC5A11009017D5 /* MealDetails.swift */ = {isa = PBXFileReference; lastKnownFileType = sourcecode.swift; path = MealDetails.swift; sourceTree = "<group>"; };
		AE8A37A12AFC5BF3009017D5 /* HomeViewModel.swift */ = {isa = PBXFileReference; lastKnownFileType = sourcecode.swift; path = HomeViewModel.swift; sourceTree = "<group>"; };
		AE8A37A32AFC5FA6009017D5 /* HomeView.swift */ = {isa = PBXFileReference; lastKnownFileType = sourcecode.swift; path = HomeView.swift; sourceTree = "<group>"; };
		AEE946D02AFD8D6600623532 /* RecipeService.swift */ = {isa = PBXFileReference; lastKnownFileType = sourcecode.swift; path = RecipeService.swift; sourceTree = "<group>"; };
		AEE946D22AFD9CD900623532 /* HomeViewModelTests.swift */ = {isa = PBXFileReference; lastKnownFileType = sourcecode.swift; path = HomeViewModelTests.swift; sourceTree = "<group>"; };
		AEE946DA2AFDAE2500623532 /* DetailView.swift */ = {isa = PBXFileReference; lastKnownFileType = sourcecode.swift; path = DetailView.swift; sourceTree = "<group>"; };
		AEE946DD2AFDB3BA00623532 /* DetailViewModel.swift */ = {isa = PBXFileReference; lastKnownFileType = sourcecode.swift; path = DetailViewModel.swift; sourceTree = "<group>"; };
		AEE946DF2AFDB42600623532 /* DetailViewModelTests.swift */ = {isa = PBXFileReference; lastKnownFileType = sourcecode.swift; path = DetailViewModelTests.swift; sourceTree = "<group>"; };
		AEE946E12AFDB48200623532 /* MockRecipeService.swift */ = {isa = PBXFileReference; lastKnownFileType = sourcecode.swift; path = MockRecipeService.swift; sourceTree = "<group>"; };
/* End PBXFileReference section */

/* Begin PBXFrameworksBuildPhase section */
		AE8A37602AFC355B009017D5 /* Frameworks */ = {
			isa = PBXFrameworksBuildPhase;
			buildActionMask = 2147483647;
			files = (
			);
			runOnlyForDeploymentPostprocessing = 0;
		};
		AE8A37702AFC355F009017D5 /* Frameworks */ = {
			isa = PBXFrameworksBuildPhase;
			buildActionMask = 2147483647;
			files = (
			);
			runOnlyForDeploymentPostprocessing = 0;
		};
		AE8A377A2AFC355F009017D5 /* Frameworks */ = {
			isa = PBXFrameworksBuildPhase;
			buildActionMask = 2147483647;
			files = (
			);
			runOnlyForDeploymentPostprocessing = 0;
		};
/* End PBXFrameworksBuildPhase section */

/* Begin PBXGroup section */
		AE8A375A2AFC355B009017D5 = {
			isa = PBXGroup;
			children = (
				AE8A37652AFC355B009017D5 /* DessertRecipe */,
				AE8A37762AFC355F009017D5 /* DessertRecipeTests */,
				AE8A37802AFC355F009017D5 /* DessertRecipeUITests */,
				AE8A37642AFC355B009017D5 /* Products */,
			);
			sourceTree = "<group>";
		};
		AE8A37642AFC355B009017D5 /* Products */ = {
			isa = PBXGroup;
			children = (
				AE8A37632AFC355B009017D5 /* DessertRecipe.app */,
				AE8A37732AFC355F009017D5 /* DessertRecipeTests.xctest */,
				AE8A377D2AFC355F009017D5 /* DessertRecipeUITests.xctest */,
			);
			name = Products;
			sourceTree = "<group>";
		};
		AE8A37652AFC355B009017D5 /* DessertRecipe */ = {
			isa = PBXGroup;
			children = (
				AE8A37992AFC58E7009017D5 /* Features */,
				AE8A37912AFC49C5009017D5 /* Services */,
				AE8A37662AFC355C009017D5 /* DessertRecipeApp.swift */,
				AE8A37682AFC355C009017D5 /* ContentView.swift */,
				AE8A376A2AFC355F009017D5 /* Assets.xcassets */,
				AE8A376C2AFC355F009017D5 /* Preview Content */,
			);
			path = DessertRecipe;
			sourceTree = "<group>";
		};
		AE8A376C2AFC355F009017D5 /* Preview Content */ = {
			isa = PBXGroup;
			children = (
				AE8A376D2AFC355F009017D5 /* Preview Assets.xcassets */,
			);
			path = "Preview Content";
			sourceTree = "<group>";
		};
		AE8A37762AFC355F009017D5 /* DessertRecipeTests */ = {
			isa = PBXGroup;
			children = (
				AE8A37772AFC355F009017D5 /* DessertRecipeTests.swift */,
				AEE946D22AFD9CD900623532 /* HomeViewModelTests.swift */,
				AEE946DF2AFDB42600623532 /* DetailViewModelTests.swift */,
				AEE946E12AFDB48200623532 /* MockRecipeService.swift */,
			);
			path = DessertRecipeTests;
			sourceTree = "<group>";
		};
		AE8A37802AFC355F009017D5 /* DessertRecipeUITests */ = {
			isa = PBXGroup;
			children = (
				AE8A37812AFC355F009017D5 /* DessertRecipeUITests.swift */,
				AE8A37832AFC355F009017D5 /* DessertRecipeUITestsLaunchTests.swift */,
			);
			path = DessertRecipeUITests;
			sourceTree = "<group>";
		};
		AE8A37912AFC49C5009017D5 /* Services */ = {
			isa = PBXGroup;
			children = (
				AE8A37922AFC49F9009017D5 /* NetworkManager.swift */,
				AEE946D02AFD8D6600623532 /* RecipeService.swift */,
			);
			path = Services;
			sourceTree = "<group>";
		};
		AE8A37942AFC4B45009017D5 /* Model */ = {
			isa = PBXGroup;
			children = (
				AE8A37952AFC4BBF009017D5 /* Meals.swift */,
			);
			path = Model;
			sourceTree = "<group>";
		};
		AE8A37992AFC58E7009017D5 /* Features */ = {
			isa = PBXGroup;
			children = (
				AE8A379C2AFC59AC009017D5 /* Detail */,
				AE8A379A2AFC5926009017D5 /* Home */,
			);
			path = Features;
			sourceTree = "<group>";
		};
		AE8A379A2AFC5926009017D5 /* Home */ = {
			isa = PBXGroup;
			children = (
				AE8A37942AFC4B45009017D5 /* Model */,
				AE8A379D2AFC59C7009017D5 /* View */,
				AE8A379B2AFC5942009017D5 /* View Model */,
			);
			path = Home;
			sourceTree = "<group>";
		};
		AE8A379B2AFC5942009017D5 /* View Model */ = {
			isa = PBXGroup;
			children = (
				AE8A37A12AFC5BF3009017D5 /* HomeViewModel.swift */,
			);
			path = "View Model";
			sourceTree = "<group>";
		};
		AE8A379C2AFC59AC009017D5 /* Detail */ = {
			isa = PBXGroup;
			children = (
				AE8A379E2AFC5A02009017D5 /* Model */,
				AEE946D92AFDAE0100623532 /* View */,
				AEE946DC2AFDB3A700623532 /* View Model */,
			);
			path = Detail;
			sourceTree = "<group>";
		};
		AE8A379D2AFC59C7009017D5 /* View */ = {
			isa = PBXGroup;
			children = (
				AE8A37A32AFC5FA6009017D5 /* HomeView.swift */,
			);
			path = View;
			sourceTree = "<group>";
		};
		AE8A379E2AFC5A02009017D5 /* Model */ = {
			isa = PBXGroup;
			children = (
				AE8A379F2AFC5A11009017D5 /* MealDetails.swift */,
			);
			path = Model;
			sourceTree = "<group>";
		};
		AEE946D92AFDAE0100623532 /* View */ = {
			isa = PBXGroup;
			children = (
				AEE946DA2AFDAE2500623532 /* DetailView.swift */,
			);
			path = View;
			sourceTree = "<group>";
		};
		AEE946DC2AFDB3A700623532 /* View Model */ = {
			isa = PBXGroup;
			children = (
				AEE946DD2AFDB3BA00623532 /* DetailViewModel.swift */,
			);
			path = "View Model";
			sourceTree = "<group>";
		};
/* End PBXGroup section */

/* Begin PBXNativeTarget section */
		AE8A37622AFC355B009017D5 /* DessertRecipe */ = {
			isa = PBXNativeTarget;
			buildConfigurationList = AE8A37872AFC355F009017D5 /* Build configuration list for PBXNativeTarget "DessertRecipe" */;
			buildPhases = (
				AE8A375F2AFC355B009017D5 /* Sources */,
				AE8A37602AFC355B009017D5 /* Frameworks */,
				AE8A37612AFC355B009017D5 /* Resources */,
			);
			buildRules = (
			);
			dependencies = (
			);
			name = DessertRecipe;
			productName = DessertRecipe;
			productReference = AE8A37632AFC355B009017D5 /* DessertRecipe.app */;
			productType = "com.apple.product-type.application";
		};
		AE8A37722AFC355F009017D5 /* DessertRecipeTests */ = {
			isa = PBXNativeTarget;
			buildConfigurationList = AE8A378A2AFC355F009017D5 /* Build configuration list for PBXNativeTarget "DessertRecipeTests" */;
			buildPhases = (
				AE8A376F2AFC355F009017D5 /* Sources */,
				AE8A37702AFC355F009017D5 /* Frameworks */,
				AE8A37712AFC355F009017D5 /* Resources */,
			);
			buildRules = (
			);
			dependencies = (
				AE8A37752AFC355F009017D5 /* PBXTargetDependency */,
			);
			name = DessertRecipeTests;
			productName = DessertRecipeTests;
			productReference = AE8A37732AFC355F009017D5 /* DessertRecipeTests.xctest */;
			productType = "com.apple.product-type.bundle.unit-test";
		};
		AE8A377C2AFC355F009017D5 /* DessertRecipeUITests */ = {
			isa = PBXNativeTarget;
			buildConfigurationList = AE8A378D2AFC355F009017D5 /* Build configuration list for PBXNativeTarget "DessertRecipeUITests" */;
			buildPhases = (
				AE8A37792AFC355F009017D5 /* Sources */,
				AE8A377A2AFC355F009017D5 /* Frameworks */,
				AE8A377B2AFC355F009017D5 /* Resources */,
			);
			buildRules = (
			);
			dependencies = (
				AE8A377F2AFC355F009017D5 /* PBXTargetDependency */,
			);
			name = DessertRecipeUITests;
			productName = DessertRecipeUITests;
			productReference = AE8A377D2AFC355F009017D5 /* DessertRecipeUITests.xctest */;
			productType = "com.apple.product-type.bundle.ui-testing";
		};
/* End PBXNativeTarget section */

/* Begin PBXProject section */
		AE8A375B2AFC355B009017D5 /* Project object */ = {
			isa = PBXProject;
			attributes = {
				BuildIndependentTargetsInParallel = 1;
				LastSwiftUpdateCheck = 1500;
				LastUpgradeCheck = 1500;
				TargetAttributes = {
					AE8A37622AFC355B009017D5 = {
						CreatedOnToolsVersion = 15.0.1;
					};
					AE8A37722AFC355F009017D5 = {
						CreatedOnToolsVersion = 15.0.1;
						TestTargetID = AE8A37622AFC355B009017D5;
					};
					AE8A377C2AFC355F009017D5 = {
						CreatedOnToolsVersion = 15.0.1;
						TestTargetID = AE8A37622AFC355B009017D5;
					};
				};
			};
			buildConfigurationList = AE8A375E2AFC355B009017D5 /* Build configuration list for PBXProject "DessertRecipe" */;
			compatibilityVersion = "Xcode 14.0";
			developmentRegion = en;
			hasScannedForEncodings = 0;
			knownRegions = (
				en,
				Base,
			);
			mainGroup = AE8A375A2AFC355B009017D5;
			productRefGroup = AE8A37642AFC355B009017D5 /* Products */;
			projectDirPath = "";
			projectRoot = "";
			targets = (
				AE8A37622AFC355B009017D5 /* DessertRecipe */,
				AE8A37722AFC355F009017D5 /* DessertRecipeTests */,
				AE8A377C2AFC355F009017D5 /* DessertRecipeUITests */,
			);
		};
/* End PBXProject section */

/* Begin PBXResourcesBuildPhase section */
		AE8A37612AFC355B009017D5 /* Resources */ = {
			isa = PBXResourcesBuildPhase;
			buildActionMask = 2147483647;
			files = (
				AE8A376E2AFC355F009017D5 /* Preview Assets.xcassets in Resources */,
				AE8A376B2AFC355F009017D5 /* Assets.xcassets in Resources */,
			);
			runOnlyForDeploymentPostprocessing = 0;
		};
		AE8A37712AFC355F009017D5 /* Resources */ = {
			isa = PBXResourcesBuildPhase;
			buildActionMask = 2147483647;
			files = (
			);
			runOnlyForDeploymentPostprocessing = 0;
		};
		AE8A377B2AFC355F009017D5 /* Resources */ = {
			isa = PBXResourcesBuildPhase;
			buildActionMask = 2147483647;
			files = (
			);
			runOnlyForDeploymentPostprocessing = 0;
		};
/* End PBXResourcesBuildPhase section */

/* Begin PBXSourcesBuildPhase section */
		AE8A375F2AFC355B009017D5 /* Sources */ = {
			isa = PBXSourcesBuildPhase;
			buildActionMask = 2147483647;
			files = (
				AE8A37962AFC4BBF009017D5 /* Meals.swift in Sources */,
				AEE946DB2AFDAE2500623532 /* DetailView.swift in Sources */,
				AE8A37932AFC49F9009017D5 /* NetworkManager.swift in Sources */,
				AEE946DE2AFDB3BA00623532 /* DetailViewModel.swift in Sources */,
				AEE946D12AFD8D6600623532 /* RecipeService.swift in Sources */,
				AE8A37692AFC355C009017D5 /* ContentView.swift in Sources */,
				AE8A37672AFC355C009017D5 /* DessertRecipeApp.swift in Sources */,
				AE8A37A02AFC5A11009017D5 /* MealDetails.swift in Sources */,
				AE8A37A22AFC5BF3009017D5 /* HomeViewModel.swift in Sources */,
				AE8A37A42AFC5FA6009017D5 /* HomeView.swift in Sources */,
			);
			runOnlyForDeploymentPostprocessing = 0;
		};
		AE8A376F2AFC355F009017D5 /* Sources */ = {
			isa = PBXSourcesBuildPhase;
			buildActionMask = 2147483647;
			files = (
				AEE946D82AFD9EC000623532 /* NetworkManager.swift in Sources */,
				AE8A37782AFC355F009017D5 /* DessertRecipeTests.swift in Sources */,
				AEE946D42AFD9D5B00623532 /* HomeViewModel.swift in Sources */,
				AEE946E02AFDB42600623532 /* DetailViewModelTests.swift in Sources */,
				AEE946D32AFD9CD900623532 /* HomeViewModelTests.swift in Sources */,
				AEE946E22AFDB48200623532 /* MockRecipeService.swift in Sources */,
				AEE946D62AFD9D6600623532 /* RecipeService.swift in Sources */,
				AEE946D72AFD9E6800623532 /* Meals.swift in Sources */,
			);
			runOnlyForDeploymentPostprocessing = 0;
		};
		AE8A37792AFC355F009017D5 /* Sources */ = {
			isa = PBXSourcesBuildPhase;
			buildActionMask = 2147483647;
			files = (
				AE8A37822AFC355F009017D5 /* DessertRecipeUITests.swift in Sources */,
				AE8A37842AFC355F009017D5 /* DessertRecipeUITestsLaunchTests.swift in Sources */,
			);
			runOnlyForDeploymentPostprocessing = 0;
		};
/* End PBXSourcesBuildPhase section */

/* Begin PBXTargetDependency section */
		AE8A37752AFC355F009017D5 /* PBXTargetDependency */ = {
			isa = PBXTargetDependency;
			target = AE8A37622AFC355B009017D5 /* DessertRecipe */;
			targetProxy = AE8A37742AFC355F009017D5 /* PBXContainerItemProxy */;
		};
		AE8A377F2AFC355F009017D5 /* PBXTargetDependency */ = {
			isa = PBXTargetDependency;
			target = AE8A37622AFC355B009017D5 /* DessertRecipe */;
			targetProxy = AE8A377E2AFC355F009017D5 /* PBXContainerItemProxy */;
		};
/* End PBXTargetDependency section */

/* Begin XCBuildConfiguration section */
		AE8A37852AFC355F009017D5 /* Debug */ = {
			isa = XCBuildConfiguration;
			buildSettings = {
				ALWAYS_SEARCH_USER_PATHS = NO;
				ASSETCATALOG_COMPILER_GENERATE_SWIFT_ASSET_SYMBOL_EXTENSIONS = YES;
				CLANG_ANALYZER_NONNULL = YES;
				CLANG_ANALYZER_NUMBER_OBJECT_CONVERSION = YES_AGGRESSIVE;
				CLANG_CXX_LANGUAGE_STANDARD = "gnu++20";
				CLANG_ENABLE_MODULES = YES;
				CLANG_ENABLE_OBJC_ARC = YES;
				CLANG_ENABLE_OBJC_WEAK = YES;
				CLANG_WARN_BLOCK_CAPTURE_AUTORELEASING = YES;
				CLANG_WARN_BOOL_CONVERSION = YES;
				CLANG_WARN_COMMA = YES;
				CLANG_WARN_CONSTANT_CONVERSION = YES;
				CLANG_WARN_DEPRECATED_OBJC_IMPLEMENTATIONS = YES;
				CLANG_WARN_DIRECT_OBJC_ISA_USAGE = YES_ERROR;
				CLANG_WARN_DOCUMENTATION_COMMENTS = YES;
				CLANG_WARN_EMPTY_BODY = YES;
				CLANG_WARN_ENUM_CONVERSION = YES;
				CLANG_WARN_INFINITE_RECURSION = YES;
				CLANG_WARN_INT_CONVERSION = YES;
				CLANG_WARN_NON_LITERAL_NULL_CONVERSION = YES;
				CLANG_WARN_OBJC_IMPLICIT_RETAIN_SELF = YES;
				CLANG_WARN_OBJC_LITERAL_CONVERSION = YES;
				CLANG_WARN_OBJC_ROOT_CLASS = YES_ERROR;
				CLANG_WARN_QUOTED_INCLUDE_IN_FRAMEWORK_HEADER = YES;
				CLANG_WARN_RANGE_LOOP_ANALYSIS = YES;
				CLANG_WARN_STRICT_PROTOTYPES = YES;
				CLANG_WARN_SUSPICIOUS_MOVE = YES;
				CLANG_WARN_UNGUARDED_AVAILABILITY = YES_AGGRESSIVE;
				CLANG_WARN_UNREACHABLE_CODE = YES;
				CLANG_WARN__DUPLICATE_METHOD_MATCH = YES;
				COPY_PHASE_STRIP = NO;
				DEBUG_INFORMATION_FORMAT = dwarf;
				ENABLE_STRICT_OBJC_MSGSEND = YES;
				ENABLE_TESTABILITY = YES;
				ENABLE_USER_SCRIPT_SANDBOXING = YES;
				GCC_C_LANGUAGE_STANDARD = gnu17;
				GCC_DYNAMIC_NO_PIC = NO;
				GCC_NO_COMMON_BLOCKS = YES;
				GCC_OPTIMIZATION_LEVEL = 0;
				GCC_PREPROCESSOR_DEFINITIONS = (
					"DEBUG=1",
					"$(inherited)",
				);
				GCC_WARN_64_TO_32_BIT_CONVERSION = YES;
				GCC_WARN_ABOUT_RETURN_TYPE = YES_ERROR;
				GCC_WARN_UNDECLARED_SELECTOR = YES;
				GCC_WARN_UNINITIALIZED_AUTOS = YES_AGGRESSIVE;
				GCC_WARN_UNUSED_FUNCTION = YES;
				GCC_WARN_UNUSED_VARIABLE = YES;
				IPHONEOS_DEPLOYMENT_TARGET = 17.0;
				LOCALIZATION_PREFERS_STRING_CATALOGS = YES;
				MTL_ENABLE_DEBUG_INFO = INCLUDE_SOURCE;
				MTL_FAST_MATH = YES;
				ONLY_ACTIVE_ARCH = YES;
				SDKROOT = iphoneos;
				SWIFT_ACTIVE_COMPILATION_CONDITIONS = "DEBUG $(inherited)";
				SWIFT_OPTIMIZATION_LEVEL = "-Onone";
			};
			name = Debug;
		};
		AE8A37862AFC355F009017D5 /* Release */ = {
			isa = XCBuildConfiguration;
			buildSettings = {
				ALWAYS_SEARCH_USER_PATHS = NO;
				ASSETCATALOG_COMPILER_GENERATE_SWIFT_ASSET_SYMBOL_EXTENSIONS = YES;
				CLANG_ANALYZER_NONNULL = YES;
				CLANG_ANALYZER_NUMBER_OBJECT_CONVERSION = YES_AGGRESSIVE;
				CLANG_CXX_LANGUAGE_STANDARD = "gnu++20";
				CLANG_ENABLE_MODULES = YES;
				CLANG_ENABLE_OBJC_ARC = YES;
				CLANG_ENABLE_OBJC_WEAK = YES;
				CLANG_WARN_BLOCK_CAPTURE_AUTORELEASING = YES;
				CLANG_WARN_BOOL_CONVERSION = YES;
				CLANG_WARN_COMMA = YES;
				CLANG_WARN_CONSTANT_CONVERSION = YES;
				CLANG_WARN_DEPRECATED_OBJC_IMPLEMENTATIONS = YES;
				CLANG_WARN_DIRECT_OBJC_ISA_USAGE = YES_ERROR;
				CLANG_WARN_DOCUMENTATION_COMMENTS = YES;
				CLANG_WARN_EMPTY_BODY = YES;
				CLANG_WARN_ENUM_CONVERSION = YES;
				CLANG_WARN_INFINITE_RECURSION = YES;
				CLANG_WARN_INT_CONVERSION = YES;
				CLANG_WARN_NON_LITERAL_NULL_CONVERSION = YES;
				CLANG_WARN_OBJC_IMPLICIT_RETAIN_SELF = YES;
				CLANG_WARN_OBJC_LITERAL_CONVERSION = YES;
				CLANG_WARN_OBJC_ROOT_CLASS = YES_ERROR;
				CLANG_WARN_QUOTED_INCLUDE_IN_FRAMEWORK_HEADER = YES;
				CLANG_WARN_RANGE_LOOP_ANALYSIS = YES;
				CLANG_WARN_STRICT_PROTOTYPES = YES;
				CLANG_WARN_SUSPICIOUS_MOVE = YES;
				CLANG_WARN_UNGUARDED_AVAILABILITY = YES_AGGRESSIVE;
				CLANG_WARN_UNREACHABLE_CODE = YES;
				CLANG_WARN__DUPLICATE_METHOD_MATCH = YES;
				COPY_PHASE_STRIP = NO;
				DEBUG_INFORMATION_FORMAT = "dwarf-with-dsym";
				ENABLE_NS_ASSERTIONS = NO;
				ENABLE_STRICT_OBJC_MSGSEND = YES;
				ENABLE_USER_SCRIPT_SANDBOXING = YES;
				GCC_C_LANGUAGE_STANDARD = gnu17;
				GCC_NO_COMMON_BLOCKS = YES;
				GCC_WARN_64_TO_32_BIT_CONVERSION = YES;
				GCC_WARN_ABOUT_RETURN_TYPE = YES_ERROR;
				GCC_WARN_UNDECLARED_SELECTOR = YES;
				GCC_WARN_UNINITIALIZED_AUTOS = YES_AGGRESSIVE;
				GCC_WARN_UNUSED_FUNCTION = YES;
				GCC_WARN_UNUSED_VARIABLE = YES;
				IPHONEOS_DEPLOYMENT_TARGET = 17.0;
				LOCALIZATION_PREFERS_STRING_CATALOGS = YES;
				MTL_ENABLE_DEBUG_INFO = NO;
				MTL_FAST_MATH = YES;
				SDKROOT = iphoneos;
				SWIFT_COMPILATION_MODE = wholemodule;
				VALIDATE_PRODUCT = YES;
			};
			name = Release;
		};
		AE8A37882AFC355F009017D5 /* Debug */ = {
			isa = XCBuildConfiguration;
			buildSettings = {
				ASSETCATALOG_COMPILER_APPICON_NAME = AppIcon;
				ASSETCATALOG_COMPILER_GLOBAL_ACCENT_COLOR_NAME = AccentColor;
				CODE_SIGN_STYLE = Automatic;
				CURRENT_PROJECT_VERSION = 1;
				DEVELOPMENT_ASSET_PATHS = "\"DessertRecipe/Preview Content\"";
				DEVELOPMENT_TEAM = VJGEDW5SA9;
				ENABLE_PREVIEWS = YES;
				GENERATE_INFOPLIST_FILE = YES;
				INFOPLIST_KEY_UIApplicationSceneManifest_Generation = YES;
				INFOPLIST_KEY_UIApplicationSupportsIndirectInputEvents = YES;
				INFOPLIST_KEY_UILaunchScreen_Generation = YES;
				INFOPLIST_KEY_UISupportedInterfaceOrientations_iPad = "UIInterfaceOrientationPortrait UIInterfaceOrientationPortraitUpsideDown UIInterfaceOrientationLandscapeLeft UIInterfaceOrientationLandscapeRight";
				INFOPLIST_KEY_UISupportedInterfaceOrientations_iPhone = "UIInterfaceOrientationPortrait UIInterfaceOrientationLandscapeLeft UIInterfaceOrientationLandscapeRight";
				LD_RUNPATH_SEARCH_PATHS = (
					"$(inherited)",
					"@executable_path/Frameworks",
				);
				MARKETING_VERSION = 1.0;
				PRODUCT_BUNDLE_IDENTIFIER = com.sunnyleeyun.DessertRecipe;
				PRODUCT_NAME = "$(TARGET_NAME)";
				SWIFT_EMIT_LOC_STRINGS = YES;
				SWIFT_VERSION = 5.0;
				TARGETED_DEVICE_FAMILY = "1,2";
			};
			name = Debug;
		};
		AE8A37892AFC355F009017D5 /* Release */ = {
			isa = XCBuildConfiguration;
			buildSettings = {
				ASSETCATALOG_COMPILER_APPICON_NAME = AppIcon;
				ASSETCATALOG_COMPILER_GLOBAL_ACCENT_COLOR_NAME = AccentColor;
				CODE_SIGN_STYLE = Automatic;
				CURRENT_PROJECT_VERSION = 1;
				DEVELOPMENT_ASSET_PATHS = "\"DessertRecipe/Preview Content\"";
				DEVELOPMENT_TEAM = VJGEDW5SA9;
				ENABLE_PREVIEWS = YES;
				GENERATE_INFOPLIST_FILE = YES;
				INFOPLIST_KEY_UIApplicationSceneManifest_Generation = YES;
				INFOPLIST_KEY_UIApplicationSupportsIndirectInputEvents = YES;
				INFOPLIST_KEY_UILaunchScreen_Generation = YES;
				INFOPLIST_KEY_UISupportedInterfaceOrientations_iPad = "UIInterfaceOrientationPortrait UIInterfaceOrientationPortraitUpsideDown UIInterfaceOrientationLandscapeLeft UIInterfaceOrientationLandscapeRight";
				INFOPLIST_KEY_UISupportedInterfaceOrientations_iPhone = "UIInterfaceOrientationPortrait UIInterfaceOrientationLandscapeLeft UIInterfaceOrientationLandscapeRight";
				LD_RUNPATH_SEARCH_PATHS = (
					"$(inherited)",
					"@executable_path/Frameworks",
				);
				MARKETING_VERSION = 1.0;
				PRODUCT_BUNDLE_IDENTIFIER = com.sunnyleeyun.DessertRecipe;
				PRODUCT_NAME = "$(TARGET_NAME)";
				SWIFT_EMIT_LOC_STRINGS = YES;
				SWIFT_VERSION = 5.0;
				TARGETED_DEVICE_FAMILY = "1,2";
			};
			name = Release;
		};
		AE8A378B2AFC355F009017D5 /* Debug */ = {
			isa = XCBuildConfiguration;
			buildSettings = {
				ALWAYS_EMBED_SWIFT_STANDARD_LIBRARIES = YES;
				BUNDLE_LOADER = "$(TEST_HOST)";
				CODE_SIGN_STYLE = Automatic;
				CURRENT_PROJECT_VERSION = 1;
				DEVELOPMENT_TEAM = VJGEDW5SA9;
				GENERATE_INFOPLIST_FILE = YES;
				IPHONEOS_DEPLOYMENT_TARGET = 17.0;
				MARKETING_VERSION = 1.0;
				PRODUCT_BUNDLE_IDENTIFIER = com.sunnyleeyun.DessertRecipeTests;
				PRODUCT_NAME = "$(TARGET_NAME)";
				SWIFT_EMIT_LOC_STRINGS = NO;
				SWIFT_VERSION = 5.0;
				TARGETED_DEVICE_FAMILY = "1,2";
				TEST_HOST = "$(BUILT_PRODUCTS_DIR)/DessertRecipe.app/$(BUNDLE_EXECUTABLE_FOLDER_PATH)/DessertRecipe";
			};
			name = Debug;
		};
		AE8A378C2AFC355F009017D5 /* Release */ = {
			isa = XCBuildConfiguration;
			buildSettings = {
				ALWAYS_EMBED_SWIFT_STANDARD_LIBRARIES = YES;
				BUNDLE_LOADER = "$(TEST_HOST)";
				CODE_SIGN_STYLE = Automatic;
				CURRENT_PROJECT_VERSION = 1;
				DEVELOPMENT_TEAM = VJGEDW5SA9;
				GENERATE_INFOPLIST_FILE = YES;
				IPHONEOS_DEPLOYMENT_TARGET = 17.0;
				MARKETING_VERSION = 1.0;
				PRODUCT_BUNDLE_IDENTIFIER = com.sunnyleeyun.DessertRecipeTests;
				PRODUCT_NAME = "$(TARGET_NAME)";
				SWIFT_EMIT_LOC_STRINGS = NO;
				SWIFT_VERSION = 5.0;
				TARGETED_DEVICE_FAMILY = "1,2";
				TEST_HOST = "$(BUILT_PRODUCTS_DIR)/DessertRecipe.app/$(BUNDLE_EXECUTABLE_FOLDER_PATH)/DessertRecipe";
			};
			name = Release;
		};
		AE8A378E2AFC355F009017D5 /* Debug */ = {
			isa = XCBuildConfiguration;
			buildSettings = {
				ALWAYS_EMBED_SWIFT_STANDARD_LIBRARIES = YES;
				CODE_SIGN_STYLE = Automatic;
				CURRENT_PROJECT_VERSION = 1;
				DEVELOPMENT_TEAM = VJGEDW5SA9;
				GENERATE_INFOPLIST_FILE = YES;
				MARKETING_VERSION = 1.0;
				PRODUCT_BUNDLE_IDENTIFIER = com.sunnyleeyun.DessertRecipeUITests;
				PRODUCT_NAME = "$(TARGET_NAME)";
				SWIFT_EMIT_LOC_STRINGS = NO;
				SWIFT_VERSION = 5.0;
				TARGETED_DEVICE_FAMILY = "1,2";
				TEST_TARGET_NAME = DessertRecipe;
			};
			name = Debug;
		};
		AE8A378F2AFC355F009017D5 /* Release */ = {
			isa = XCBuildConfiguration;
			buildSettings = {
				ALWAYS_EMBED_SWIFT_STANDARD_LIBRARIES = YES;
				CODE_SIGN_STYLE = Automatic;
				CURRENT_PROJECT_VERSION = 1;
				DEVELOPMENT_TEAM = VJGEDW5SA9;
				GENERATE_INFOPLIST_FILE = YES;
				MARKETING_VERSION = 1.0;
				PRODUCT_BUNDLE_IDENTIFIER = com.sunnyleeyun.DessertRecipeUITests;
				PRODUCT_NAME = "$(TARGET_NAME)";
				SWIFT_EMIT_LOC_STRINGS = NO;
				SWIFT_VERSION = 5.0;
				TARGETED_DEVICE_FAMILY = "1,2";
				TEST_TARGET_NAME = DessertRecipe;
			};
			name = Release;
		};
/* End XCBuildConfiguration section */

/* Begin XCConfigurationList section */
		AE8A375E2AFC355B009017D5 /* Build configuration list for PBXProject "DessertRecipe" */ = {
			isa = XCConfigurationList;
			buildConfigurations = (
				AE8A37852AFC355F009017D5 /* Debug */,
				AE8A37862AFC355F009017D5 /* Release */,
			);
			defaultConfigurationIsVisible = 0;
			defaultConfigurationName = Release;
		};
		AE8A37872AFC355F009017D5 /* Build configuration list for PBXNativeTarget "DessertRecipe" */ = {
			isa = XCConfigurationList;
			buildConfigurations = (
				AE8A37882AFC355F009017D5 /* Debug */,
				AE8A37892AFC355F009017D5 /* Release */,
			);
			defaultConfigurationIsVisible = 0;
			defaultConfigurationName = Release;
		};
		AE8A378A2AFC355F009017D5 /* Build configuration list for PBXNativeTarget "DessertRecipeTests" */ = {
			isa = XCConfigurationList;
			buildConfigurations = (
				AE8A378B2AFC355F009017D5 /* Debug */,
				AE8A378C2AFC355F009017D5 /* Release */,
			);
			defaultConfigurationIsVisible = 0;
			defaultConfigurationName = Release;
		};
		AE8A378D2AFC355F009017D5 /* Build configuration list for PBXNativeTarget "DessertRecipeUITests" */ = {
			isa = XCConfigurationList;
			buildConfigurations = (
				AE8A378E2AFC355F009017D5 /* Debug */,
				AE8A378F2AFC355F009017D5 /* Release */,
			);
			defaultConfigurationIsVisible = 0;
			defaultConfigurationName = Release;
		};
/* End XCConfigurationList section */
	};
	rootObject = AE8A375B2AFC355B009017D5 /* Project object */;
}
